
Microsoft Visual Studio Solution File, Format Version 12.00
# Visual Studio Version 16
VisualStudioVersion = 16.0.31613.86
MinimumVisualStudioVersion = 10.0.40219.1
Project("{FAE04EC0-301F-11D3-BF4B-00C04F79EFBC}") = "WeatherDashNine", "WeatherDashNine\WeatherDashNine.csproj", "{BBCBA44E-252F-476D-9E5F-5BDB44EF9C4D}"
EndProject
Global
	GlobalSection(SolutionConfigurationPlatforms) = preSolution
		Debug|Any CPU = Debug|Any CPU
		Release|Any CPU = Release|Any CPU
	EndGlobalSection
	GlobalSection(ProjectConfigurationPlatforms) = postSolution
		{BBCBA44E-252F-476D-9E5F-5BDB44EF9C4D}.Debug|Any CPU.ActiveCfg = Debug|Any CPU
		{BBCBA44E-252F-476D-9E5F-5BDB44EF9C4D}.Debug|Any CPU.Build.0 = Debug|Any CPU
		{BBCBA44E-252F-476D-9E5F-5BDB44EF9C4D}.Release|Any CPU.ActiveCfg = Release|Any CPU
		{BBCBA44E-252F-476D-9E5F-5BDB44EF9C4D}.Release|Any CPU.Build.0 = Release|Any CPU
	EndGlobalSection
	GlobalSection(SolutionProperties) = preSolution
		HideSolutionNode = FALSE
	EndGlobalSection
	GlobalSection(ExtensibilityGlobals) = postSolution
		SolutionGuid = {35323C39-9F9A-4C7F-BE2C-5C904921DF43}
	EndGlobalSection
EndGlobal
